{
  "name": "08-stream",
  "version": "1.0.0",
  "lockfileVersion": 1,
  "requires": true,
  "dependencies": {
    "chance": {
      "version": "1.0.12",
      "resolved": "https://registry.npmjs.org/chance/-/chance-1.0.12.tgz",
      "integrity": "sha512-W99uMuboG5CT1iToDmizEH6yQYqICzZnrSRbbXPuJErzFWLPaoiEDvwnKbESjDo/8st1n3pyh70VBMmfqPmf+Q=="
    },
    "minimist": {
      "version": "0.0.8",
      "resolved": "https://registry.npmjs.org/minimist/-/minimist-0.0.8.tgz",
      "integrity": "sha1-hX/Kv8M5fSYluCKCYuhqp6ARsF0="
    },
    "mkdirp": {
      "version": "0.5.1",
      "resolved": "https://registry.npmjs.org/mkdirp/-/mkdirp-0.5.1.tgz",
      "integrity": "sha1-MAV0OOrGz3+MR2fzhkjWaX11yQM=",
      "requires": {
        "minimist": "0.0.8"
      }
    }
  }
}
